
Microsoft Visual Studio Solution File, Format Version 12.00
# Visual Studio Version 17
VisualStudioVersion = 17.0.31903.59
MinimumVisualStudioVersion = 10.0.40219.1

Project("{2150E333-8FDC-42A3-9474-1A3956D46DE8}") = "src", "src", "{A1B2C3D4-0001-0001-0001-000000000001}"
EndProject
Project("{2150E333-8FDC-42A3-9474-1A3956D46DE8}") = "tests", "tests", "{A1B2C3D4-0002-0002-0002-000000000002}"
EndProject

Project("{FAE04EC0-301F-11D3-BF4B-00C04F79EFBC}") = "Portal.Domain", "src\Portal.Domain\Portal.Domain.csproj", "{10000001-0000-0000-0000-000000000001}"
EndProject
Project("{FAE04EC0-301F-11D3-BF4B-00C04F79EFBC}") = "Portal.Application", "src\Portal.Application\Portal.Application.csproj", "{10000002-0000-0000-0000-000000000002}"
EndProject
Project("{FAE04EC0-301F-11D3-BF4B-00C04F79EFBC}") = "Portal.Infrastructure.Persistence", "src\Portal.Infrastructure.Persistence\Portal.Infrastructure.Persistence.csproj", "{10000003-0000-0000-0000-000000000003}"
EndProject
Project("{FAE04EC0-301F-11D3-BF4B-00C04F79EFBC}") = "Portal.Infrastructure.LocalDb", "src\Portal.Infrastructure.LocalDb\Portal.Infrastructure.LocalDb.csproj", "{10000004-0000-0000-0000-000000000004}"
EndProject
Project("{FAE04EC0-301F-11D3-BF4B-00C04F79EFBC}") = "Portal.Infrastructure.Storage", "src\Portal.Infrastructure.Storage\Portal.Infrastructure.Storage.csproj", "{10000005-0000-0000-0000-000000000005}"
EndProject
Project("{FAE04EC0-301F-11D3-BF4B-00C04F79EFBC}") = "Portal.Infrastructure.Email", "src\Portal.Infrastructure.Email\Portal.Infrastructure.Email.csproj", "{10000006-0000-0000-0000-000000000006}"
EndProject
Project("{FAE04EC0-301F-11D3-BF4B-00C04F79EFBC}") = "Portal.Infrastructure.Identity", "src\Portal.Infrastructure.Identity\Portal.Infrastructure.Identity.csproj", "{10000007-0000-0000-0000-000000000007}"
EndProject
Project("{FAE04EC0-301F-11D3-BF4B-00C04F79EFBC}") = "Portal.Api", "src\Portal.Api\Portal.Api.csproj", "{10000008-0000-0000-0000-000000000008}"
EndProject
Project("{FAE04EC0-301F-11D3-BF4B-00C04F79EFBC}") = "Portal.Domain.Tests", "tests\Portal.Domain.Tests\Portal.Domain.Tests.csproj", "{20000001-0000-0000-0000-000000000001}"
EndProject
Project("{FAE04EC0-301F-11D3-BF4B-00C04F79EFBC}") = "Portal.Application.Tests", "tests\Portal.Application.Tests\Portal.Application.Tests.csproj", "{20000002-0000-0000-0000-000000000002}"
EndProject
Project("{FAE04EC0-301F-11D3-BF4B-00C04F79EFBC}") = "Portal.Architecture.Tests", "tests\Portal.Architecture.Tests\Portal.Architecture.Tests.csproj", "{20000003-0000-0000-0000-000000000003}"
EndProject

Global
	GlobalSection(SolutionConfigurationPlatforms) = preSolution
		Debug|Any CPU = Debug|Any CPU
		Release|Any CPU = Release|Any CPU
	EndGlobalSection
	GlobalSection(ProjectConfigurationPlatforms) = postSolution
		{10000001-0000-0000-0000-000000000001}.Debug|Any CPU.ActiveCfg = Debug|Any CPU
		{10000001-0000-0000-0000-000000000001}.Debug|Any CPU.Build.0 = Debug|Any CPU
		{10000001-0000-0000-0000-000000000001}.Release|Any CPU.ActiveCfg = Release|Any CPU
		{10000001-0000-0000-0000-000000000001}.Release|Any CPU.Build.0 = Release|Any CPU
		{10000002-0000-0000-0000-000000000002}.Debug|Any CPU.ActiveCfg = Debug|Any CPU
		{10000002-0000-0000-0000-000000000002}.Debug|Any CPU.Build.0 = Debug|Any CPU
		{10000002-0000-0000-0000-000000000002}.Release|Any CPU.ActiveCfg = Release|Any CPU
		{10000002-0000-0000-0000-000000000002}.Release|Any CPU.Build.0 = Release|Any CPU
		{10000003-0000-0000-0000-000000000003}.Debug|Any CPU.ActiveCfg = Debug|Any CPU
		{10000003-0000-0000-0000-000000000003}.Debug|Any CPU.Build.0 = Debug|Any CPU
		{10000003-0000-0000-0000-000000000003}.Release|Any CPU.ActiveCfg = Release|Any CPU
		{10000003-0000-0000-0000-000000000003}.Release|Any CPU.Build.0 = Release|Any CPU
		{10000004-0000-0000-0000-000000000004}.Debug|Any CPU.ActiveCfg = Debug|Any CPU
		{10000004-0000-0000-0000-000000000004}.Debug|Any CPU.Build.0 = Debug|Any CPU
		{10000004-0000-0000-0000-000000000004}.Release|Any CPU.ActiveCfg = Release|Any CPU
		{10000004-0000-0000-0000-000000000004}.Release|Any CPU.Build.0 = Release|Any CPU
		{10000005-0000-0000-0000-000000000005}.Debug|Any CPU.ActiveCfg = Debug|Any CPU
		{10000005-0000-0000-0000-000000000005}.Debug|Any CPU.Build.0 = Debug|Any CPU
		{10000005-0000-0000-0000-000000000005}.Release|Any CPU.ActiveCfg = Release|Any CPU
		{10000005-0000-0000-0000-000000000005}.Release|Any CPU.Build.0 = Release|Any CPU
		{10000006-0000-0000-0000-000000000006}.Debug|Any CPU.ActiveCfg = Debug|Any CPU
		{10000006-0000-0000-0000-000000000006}.Debug|Any CPU.Build.0 = Debug|Any CPU
		{10000006-0000-0000-0000-000000000006}.Release|Any CPU.ActiveCfg = Release|Any CPU
		{10000006-0000-0000-0000-000000000006}.Release|Any CPU.Build.0 = Release|Any CPU
		{10000007-0000-0000-0000-000000000007}.Debug|Any CPU.ActiveCfg = Debug|Any CPU
		{10000007-0000-0000-0000-000000000007}.Debug|Any CPU.Build.0 = Debug|Any CPU
		{10000007-0000-0000-0000-000000000007}.Release|Any CPU.ActiveCfg = Release|Any CPU
		{10000007-0000-0000-0000-000000000007}.Release|Any CPU.Build.0 = Release|Any CPU
		{10000008-0000-0000-0000-000000000008}.Debug|Any CPU.ActiveCfg = Debug|Any CPU
		{10000008-0000-0000-0000-000000000008}.Debug|Any CPU.Build.0 = Debug|Any CPU
		{10000008-0000-0000-0000-000000000008}.Release|Any CPU.ActiveCfg = Release|Any CPU
		{10000008-0000-0000-0000-000000000008}.Release|Any CPU.Build.0 = Release|Any CPU
		{20000001-0000-0000-0000-000000000001}.Debug|Any CPU.ActiveCfg = Debug|Any CPU
		{20000001-0000-0000-0000-000000000001}.Debug|Any CPU.Build.0 = Debug|Any CPU
		{20000001-0000-0000-0000-000000000001}.Release|Any CPU.ActiveCfg = Release|Any CPU
		{20000001-0000-0000-0000-000000000001}.Release|Any CPU.Build.0 = Release|Any CPU
		{20000002-0000-0000-0000-000000000002}.Debug|Any CPU.ActiveCfg = Debug|Any CPU
		{20000002-0000-0000-0000-000000000002}.Debug|Any CPU.Build.0 = Debug|Any CPU
		{20000002-0000-0000-0000-000000000002}.Release|Any CPU.ActiveCfg = Release|Any CPU
		{20000002-0000-0000-0000-000000000002}.Release|Any CPU.Build.0 = Release|Any CPU
		{20000003-0000-0000-0000-000000000003}.Debug|Any CPU.ActiveCfg = Debug|Any CPU
		{20000003-0000-0000-0000-000000000003}.Debug|Any CPU.Build.0 = Debug|Any CPU
		{20000003-0000-0000-0000-000000000003}.Release|Any CPU.ActiveCfg = Release|Any CPU
		{20000003-0000-0000-0000-000000000003}.Release|Any CPU.Build.0 = Release|Any CPU
	EndGlobalSection
	GlobalSection(NestedProjects) = preSolution
		{10000001-0000-0000-0000-000000000001} = {A1B2C3D4-0001-0001-0001-000000000001}
		{10000002-0000-0000-0000-000000000002} = {A1B2C3D4-0001-0001-0001-000000000001}
		{10000003-0000-0000-0000-000000000003} = {A1B2C3D4-0001-0001-0001-000000000001}
		{10000004-0000-0000-0000-000000000004} = {A1B2C3D4-0001-0001-0001-000000000001}
		{10000005-0000-0000-0000-000000000005} = {A1B2C3D4-0001-0001-0001-000000000001}
		{10000006-0000-0000-0000-000000000006} = {A1B2C3D4-0001-0001-0001-000000000001}
		{10000007-0000-0000-0000-000000000007} = {A1B2C3D4-0001-0001-0001-000000000001}
		{10000008-0000-0000-0000-000000000008} = {A1B2C3D4-0001-0001-0001-000000000001}
		{20000001-0000-0000-0000-000000000001} = {A1B2C3D4-0002-0002-0002-000000000002}
		{20000002-0000-0000-0000-000000000002} = {A1B2C3D4-0002-0002-0002-000000000002}
		{20000003-0000-0000-0000-000000000003} = {A1B2C3D4-0002-0002-0002-000000000002}
	EndGlobalSection
EndGlobal
